// !$*UTF8*$!
{
	archiveVersion = 1;
	classes = {
	};
	objectVersion = 50;
	objects = {

/* Begin PBXBuildFile section */
		B60C7D5923236AD9001161ED /* AppDelegate.swift in Sources */ = {isa = PBXBuildFile; fileRef = B60C7D5823236AD9001161ED /* AppDelegate.swift */; };
		B60C7D5B23236AD9001161ED /* ViewController.swift in Sources */ = {isa = PBXBuildFile; fileRef = B60C7D5A23236AD9001161ED /* ViewController.swift */; };
		B60C7D5E23236AD9001161ED /* Main.storyboard in Resources */ = {isa = PBXBuildFile; fileRef = B60C7D5C23236AD9001161ED /* Main.storyboard */; };
		B60C7D6023236ADA001161ED /* Assets.xcassets in Resources */ = {isa = PBXBuildFile; fileRef = B60C7D5F23236ADA001161ED /* Assets.xcassets */; };
		B60C7D6323236ADA001161ED /* LaunchScreen.storyboard in Resources */ = {isa = PBXBuildFile; fileRef = B60C7D6123236ADA001161ED /* LaunchScreen.storyboard */; };
		B60C7D6E23236ADA001161ED /* DouYuZBTests.swift in Sources */ = {isa = PBXBuildFile; fileRef = B60C7D6D23236ADA001161ED /* DouYuZBTests.swift */; };
		B60C7D7923236ADA001161ED /* DouYuZBUITests.swift in Sources */ = {isa = PBXBuildFile; fileRef = B60C7D7823236ADA001161ED /* DouYuZBUITests.swift */; };
/* End PBXBuildFile section */

/* Begin PBXContainerItemProxy section */
		B60C7D6A23236ADA001161ED /* PBXContainerItemProxy */ = {
			isa = PBXContainerItemProxy;
			containerPortal = B60C7D4D23236AD9001161ED /* Project object */;
			proxyType = 1;
			remoteGlobalIDString = B60C7D5423236AD9001161ED;
			remoteInfo = DouYuZB;
		};
		B60C7D7523236ADA001161ED /* PBXContainerItemProxy */ = {
			isa = PBXContainerItemProxy;
			containerPortal = B60C7D4D23236AD9001161ED /* Project object */;
			proxyType = 1;
			remoteGlobalIDString = B60C7D5423236AD9001161ED;
			remoteInfo = DouYuZB;
		};
/* End PBXContainerItemProxy section */

/* Begin PBXFileReference section */
		B60C7D5523236AD9001161ED /* DouYuZB.app */ = {isa = PBXFileReference; explicitFileType = wrapper.application; includeInIndex = 0; path = DouYuZB.app; sourceTree = BUILT_PRODUCTS_DIR; };
		B60C7D5823236AD9001161ED /* AppDelegate.swift */ = {isa = PBXFileReference; lastKnownFileType = sourcecode.swift; path = AppDelegate.swift; sourceTree = "<group>"; };
		B60C7D5A23236AD9001161ED /* ViewController.swift */ = {isa = PBXFileReference; lastKnownFileType = sourcecode.swift; path = ViewController.swift; sourceTree = "<group>"; };
		B60C7D5D23236AD9001161ED /* Base */ = {isa = PBXFileReference; lastKnownFileType = file.storyboard; name = Base; path = Base.lproj/Main.storyboard; sourceTree = "<group>"; };
		B60C7D5F23236ADA001161ED /* Assets.xcassets */ = {isa = PBXFileReference; lastKnownFileType = folder.assetcatalog; path = Assets.xcassets; sourceTree = "<group>"; };
		B60C7D6223236ADA001161ED /* Base */ = {isa = PBXFileReference; lastKnownFileType = file.storyboard; name = Base; path = Base.lproj/LaunchScreen.storyboard; sourceTree = "<group>"; };
		B60C7D6423236ADA001161ED /* Info.plist */ = {isa = PBXFileReference; lastKnownFileType = text.plist.xml; path = Info.plist; sourceTree = "<group>"; };
		B60C7D6923236ADA001161ED /* DouYuZBTests.xctest */ = {isa = PBXFileReference; explicitFileType = wrapper.cfbundle; includeInIndex = 0; path = DouYuZBTests.xctest; sourceTree = BUILT_PRODUCTS_DIR; };
		B60C7D6D23236ADA001161ED /* DouYuZBTests.swift */ = {isa = PBXFileReference; lastKnownFileType = sourcecode.swift; path = DouYuZBTests.swift; sourceTree = "<group>"; };
		B60C7D6F23236ADA001161ED /* Info.plist */ = {isa = PBXFileReference; lastKnownFileType = text.plist.xml; path = Info.plist; sourceTree = "<group>"; };
		B60C7D7423236ADA001161ED /* DouYuZBUITests.xctest */ = {isa = PBXFileReference; explicitFileType = wrapper.cfbundle; includeInIndex = 0; path = DouYuZBUITests.xctest; sourceTree = BUILT_PRODUCTS_DIR; };
		B60C7D7823236ADA001161ED /* DouYuZBUITests.swift */ = {isa = PBXFileReference; lastKnownFileType = sourcecode.swift; path = DouYuZBUITests.swift; sourceTree = "<group>"; };
		B60C7D7A23236ADA001161ED /* Info.plist */ = {isa = PBXFileReference; lastKnownFileType = text.plist.xml; path = Info.plist; sourceTree = "<group>"; };
/* End PBXFileReference section */

/* Begin PBXFrameworksBuildPhase section */
		B60C7D5223236AD9001161ED /* Frameworks */ = {
			isa = PBXFrameworksBuildPhase;
			buildActionMask = 2147483647;
			files = (
			);
			runOnlyForDeploymentPostprocessing = 0;
		};
		B60C7D6623236ADA001161ED /* Frameworks */ = {
			isa = PBXFrameworksBuildPhase;
			buildActionMask = 2147483647;
			files = (
			);
			runOnlyForDeploymentPostprocessing = 0;
		};
		B60C7D7123236ADA001161ED /* Frameworks */ = {
			isa = PBXFrameworksBuildPhase;
			buildActionMask = 2147483647;
			files = (
			);
			runOnlyForDeploymentPostprocessing = 0;
		};
/* End PBXFrameworksBuildPhase section */

/* Begin PBXGroup section */
		B60C7D4C23236AD9001161ED = {
			isa = PBXGroup;
			children = (
				B60C7D5723236AD9001161ED /* DouYuZB */,
				B60C7D6C23236ADA001161ED /* DouYuZBTests */,
				B60C7D7723236ADA001161ED /* DouYuZBUITests */,
				B60C7D5623236AD9001161ED /* Products */,
			);
			sourceTree = "<group>";
		};
		B60C7D5623236AD9001161ED /* Products */ = {
			isa = PBXGroup;
			children = (
				B60C7D5523236AD9001161ED /* DouYuZB.app */,
				B60C7D6923236ADA001161ED /* DouYuZBTests.xctest */,
				B60C7D7423236ADA001161ED /* DouYuZBUITests.xctest */,
			);
			name = Products;
			sourceTree = "<group>";
		};
		B60C7D5723236AD9001161ED /* DouYuZB */ = {
			isa = PBXGroup;
			children = (
				B60C7D5823236AD9001161ED /* AppDelegate.swift */,
				B60C7D5A23236AD9001161ED /* ViewController.swift */,
				B60C7D5C23236AD9001161ED /* Main.storyboard */,
				B60C7D5F23236ADA001161ED /* Assets.xcassets */,
				B60C7D6123236ADA001161ED /* LaunchScreen.storyboard */,
				B60C7D6423236ADA001161ED /* Info.plist */,
			);
			path = DouYuZB;
			sourceTree = "<group>";
		};
		B60C7D6C23236ADA001161ED /* DouYuZBTests */ = {
			isa = PBXGroup;
			children = (
				B60C7D6D23236ADA001161ED /* DouYuZBTests.swift */,
				B60C7D6F23236ADA001161ED /* Info.plist */,
			);
			path = DouYuZBTests;
			sourceTree = "<group>";
		};
		B60C7D7723236ADA001161ED /* DouYuZBUITests */ = {
			isa = PBXGroup;
			children = (
				B60C7D7823236ADA001161ED /* DouYuZBUITests.swift */,
				B60C7D7A23236ADA001161ED /* Info.plist */,
			);
			path = DouYuZBUITests;
			sourceTree = "<group>";
		};
/* End PBXGroup section */

/* Begin PBXNativeTarget section */
		B60C7D5423236AD9001161ED /* DouYuZB */ = {
			isa = PBXNativeTarget;
			buildConfigurationList = B60C7D7D23236ADA001161ED /* Build configuration list for PBXNativeTarget "DouYuZB" */;
			buildPhases = (
				B60C7D5123236AD9001161ED /* Sources */,
				B60C7D5223236AD9001161ED /* Frameworks */,
				B60C7D5323236AD9001161ED /* Resources */,
			);
			buildRules = (
			);
			dependencies = (
			);
			name = DouYuZB;
			productName = DouYuZB;
			productReference = B60C7D5523236AD9001161ED /* DouYuZB.app */;
			productType = "com.apple.product-type.application";
		};
		B60C7D6823236ADA001161ED /* DouYuZBTests */ = {
			isa = PBXNativeTarget;
			buildConfigurationList = B60C7D8023236ADA001161ED /* Build configuration list for PBXNativeTarget "DouYuZBTests" */;
			buildPhases = (
				B60C7D6523236ADA001161ED /* Sources */,
				B60C7D6623236ADA001161ED /* Frameworks */,
				B60C7D6723236ADA001161ED /* Resources */,
			);
			buildRules = (
			);
			dependencies = (
				B60C7D6B23236ADA001161ED /* PBXTargetDependency */,
			);
			name = DouYuZBTests;
			productName = DouYuZBTests;
			productReference = B60C7D6923236ADA001161ED /* DouYuZBTests.xctest */;
			productType = "com.apple.product-type.bundle.unit-test";
		};
		B60C7D7323236ADA001161ED /* DouYuZBUITests */ = {
			isa = PBXNativeTarget;
			buildConfigurationList = B60C7D8323236ADA001161ED /* Build configuration list for PBXNativeTarget "DouYuZBUITests" */;
			buildPhases = (
				B60C7D7023236ADA001161ED /* Sources */,
				B60C7D7123236ADA001161ED /* Frameworks */,
				B60C7D7223236ADA001161ED /* Resources */,
			);
			buildRules = (
			);
			dependencies = (
				B60C7D7623236ADA001161ED /* PBXTargetDependency */,
			);
			name = DouYuZBUITests;
			productName = DouYuZBUITests;
			productReference = B60C7D7423236ADA001161ED /* DouYuZBUITests.xctest */;
			productType = "com.apple.product-type.bundle.ui-testing";
		};
/* End PBXNativeTarget section */

/* Begin PBXProject section */
		B60C7D4D23236AD9001161ED /* Project object */ = {
			isa = PBXProject;
			attributes = {
				LastSwiftUpdateCheck = 1030;
				LastUpgradeCheck = 1030;
				ORGANIZATIONNAME = RandyWei;
				TargetAttributes = {
					B60C7D5423236AD9001161ED = {
						CreatedOnToolsVersion = 10.3;
					};
					B60C7D6823236ADA001161ED = {
						CreatedOnToolsVersion = 10.3;
						TestTargetID = B60C7D5423236AD9001161ED;
					};
					B60C7D7323236ADA001161ED = {
						CreatedOnToolsVersion = 10.3;
						TestTargetID = B60C7D5423236AD9001161ED;
					};
				};
			};
			buildConfigurationList = B60C7D5023236AD9001161ED /* Build configuration list for PBXProject "DouYuZB" */;
			compatibilityVersion = "Xcode 9.3";
			developmentRegion = en;
			hasScannedForEncodings = 0;
			knownRegions = (
				en,
				Base,
			);
			mainGroup = B60C7D4C23236AD9001161ED;
			productRefGroup = B60C7D5623236AD9001161ED /* Products */;
			projectDirPath = "";
			projectRoot = "";
			targets = (
				B60C7D5423236AD9001161ED /* DouYuZB */,
				B60C7D6823236ADA001161ED /* DouYuZBTests */,
				B60C7D7323236ADA001161ED /* DouYuZBUITests */,
			);
		};
/* End PBXProject section */

/* Begin PBXResourcesBuildPhase section */
		B60C7D5323236AD9001161ED /* Resources */ = {
			isa = PBXResourcesBuildPhase;
			buildActionMask = 2147483647;
			files = (
				B60C7D6323236ADA001161ED /* LaunchScreen.storyboard in Resources */,
				B60C7D6023236ADA001161ED /* Assets.xcassets in Resources */,
				B60C7D5E23236AD9001161ED /* Main.storyboard in Resources */,
			);
			runOnlyForDeploymentPostprocessing = 0;
		};
		B60C7D6723236ADA001161ED /* Resources */ = {
			isa = PBXResourcesBuildPhase;
			buildActionMask = 2147483647;
			files = (
			);
			runOnlyForDeploymentPostprocessing = 0;
		};
		B60C7D7223236ADA001161ED /* Resources */ = {
			isa = PBXResourcesBuildPhase;
			buildActionMask = 2147483647;
			files = (
			);
			runOnlyForDeploymentPostprocessing = 0;
		};
/* End PBXResourcesBuildPhase section */

/* Begin PBXSourcesBuildPhase section */
		B60C7D5123236AD9001161ED /* Sources */ = {
			isa = PBXSourcesBuildPhase;
			buildActionMask = 2147483647;
			files = (
				B60C7D5B23236AD9001161ED /* ViewController.swift in Sources */,
				B60C7D5923236AD9001161ED /* AppDelegate.swift in Sources */,
			);
			runOnlyForDeploymentPostprocessing = 0;
		};
		B60C7D6523236ADA001161ED /* Sources */ = {
			isa = PBXSourcesBuildPhase;
			buildActionMask = 2147483647;
			files = (
				B60C7D6E23236ADA001161ED /* DouYuZBTests.swift in Sources */,
			);
			runOnlyForDeploymentPostprocessing = 0;
		};
		B60C7D7023236ADA001161ED /* Sources */ = {
			isa = PBXSourcesBuildPhase;
			buildActionMask = 2147483647;
			files = (
				B60C7D7923236ADA001161ED /* DouYuZBUITests.swift in Sources */,
			);
			runOnlyForDeploymentPostprocessing = 0;
		};
/* End PBXSourcesBuildPhase section */

/* Begin PBXTargetDependency section */
		B60C7D6B23236ADA001161ED /* PBXTargetDependency */ = {
			isa = PBXTargetDependency;
			target = B60C7D5423236AD9001161ED /* DouYuZB */;
			targetProxy = B60C7D6A23236ADA001161ED /* PBXContainerItemProxy */;
		};
		B60C7D7623236ADA001161ED /* PBXTargetDependency */ = {
			isa = PBXTargetDependency;
			target = B60C7D5423236AD9001161ED /* DouYuZB */;
			targetProxy = B60C7D7523236ADA001161ED /* PBXContainerItemProxy */;
		};
/* End PBXTargetDependency section */

/* Begin PBXVariantGroup section */
		B60C7D5C23236AD9001161ED /* Main.storyboard */ = {
			isa = PBXVariantGroup;
			children = (
				B60C7D5D23236AD9001161ED /* Base */,
			);
			name = Main.storyboard;
			sourceTree = "<group>";
		};
		B60C7D6123236ADA001161ED /* LaunchScreen.storyboard */ = {
			isa = PBXVariantGroup;
			children = (
				B60C7D6223236ADA001161ED /* Base */,
			);
			name = LaunchScreen.storyboard;
			sourceTree = "<group>";
		};
/* End PBXVariantGroup section */

/* Begin XCBuildConfiguration section */
		B60C7D7B23236ADA001161ED /* Debug */ = {
			isa = XCBuildConfiguration;
			buildSettings = {
				ALWAYS_SEARCH_USER_PATHS = NO;
				CLANG_ANALYZER_NONNULL = YES;
				CLANG_ANALYZER_NUMBER_OBJECT_CONVERSION = YES_AGGRESSIVE;
				CLANG_CXX_LANGUAGE_STANDARD = "gnu++14";
				CLANG_CXX_LIBRARY = "libc++";
				CLANG_ENABLE_MODULES = YES;
				CLANG_ENABLE_OBJC_ARC = YES;
				CLANG_ENABLE_OBJC_WEAK = YES;
				CLANG_WARN_BLOCK_CAPTURE_AUTORELEASING = YES;
				CLANG_WARN_BOOL_CONVERSION = YES;
				CLANG_WARN_COMMA = YES;
				CLANG_WARN_CONSTANT_CONVERSION = YES;
				CLANG_WARN_DEPRECATED_OBJC_IMPLEMENTATIONS = YES;
				CLANG_WARN_DIRECT_OBJC_ISA_USAGE = YES_ERROR;
				CLANG_WARN_DOCUMENTATION_COMMENTS = YES;
				CLANG_WARN_EMPTY_BODY = YES;
				CLANG_WARN_ENUM_CONVERSION = YES;
				CLANG_WARN_INFINITE_RECURSION = YES;
				CLANG_WARN_INT_CONVERSION = YES;
				CLANG_WARN_NON_LITERAL_NULL_CONVERSION = YES;
				CLANG_WARN_OBJC_IMPLICIT_RETAIN_SELF = YES;
				CLANG_WARN_OBJC_LITERAL_CONVERSION = YES;
				CLANG_WARN_OBJC_ROOT_CLASS = YES_ERROR;
				CLANG_WARN_RANGE_LOOP_ANALYSIS = YES;
				CLANG_WARN_STRICT_PROTOTYPES = YES;
				CLANG_WARN_SUSPICIOUS_MOVE = YES;
				CLANG_WARN_UNGUARDED_AVAILABILITY = YES_AGGRESSIVE;
				CLANG_WARN_UNREACHABLE_CODE = YES;
				CLANG_WARN__DUPLICATE_METHOD_MATCH = YES;
				CODE_SIGN_IDENTITY = "iPhone Developer";
				COPY_PHASE_STRIP = NO;
				DEBUG_INFORMATION_FORMAT = dwarf;
				ENABLE_STRICT_OBJC_MSGSEND = YES;
				ENABLE_TESTABILITY = YES;
				GCC_C_LANGUAGE_STANDARD = gnu11;
				GCC_DYNAMIC_NO_PIC = NO;
				GCC_NO_COMMON_BLOCKS = YES;
				GCC_OPTIMIZATION_LEVEL = 0;
				GCC_PREPROCESSOR_DEFINITIONS = (
					"DEBUG=1",
					"$(inherited)",
				);
				GCC_WARN_64_TO_32_BIT_CONVERSION = YES;
				GCC_WARN_ABOUT_RETURN_TYPE = YES_ERROR;
				GCC_WARN_UNDECLARED_SELECTOR = YES;
				GCC_WARN_UNINITIALIZED_AUTOS = YES_AGGRESSIVE;
				GCC_WARN_UNUSED_FUNCTION = YES;
				GCC_WARN_UNUSED_VARIABLE = YES;
				IPHONEOS_DEPLOYMENT_TARGET = 12.4;
				MTL_ENABLE_DEBUG_INFO = INCLUDE_SOURCE;
				MTL_FAST_MATH = YES;
				ONLY_ACTIVE_ARCH = YES;
				SDKROOT = iphoneos;
				SWIFT_ACTIVE_COMPILATION_CONDITIONS = DEBUG;
				SWIFT_OPTIMIZATION_LEVEL = "-Onone";
			};
			name = Debug;
		};
		B60C7D7C23236ADA001161ED /* Release */ = {
			isa = XCBuildConfiguration;
			buildSettings = {
				ALWAYS_SEARCH_USER_PATHS = NO;
				CLANG_ANALYZER_NONNULL = YES;
				CLANG_ANALYZER_NUMBER_OBJECT_CONVERSION = YES_AGGRESSIVE;
				CLANG_CXX_LANGUAGE_STANDARD = "gnu++14";
				CLANG_CXX_LIBRARY = "libc++";
				CLANG_ENABLE_MODULES = YES;
				CLANG_ENABLE_OBJC_ARC = YES;
				CLANG_ENABLE_OBJC_WEAK = YES;
				CLANG_WARN_BLOCK_CAPTURE_AUTORELEASING = YES;
				CLANG_WARN_BOOL_CONVERSION = YES;
				CLANG_WARN_COMMA = YES;
				CLANG_WARN_CONSTANT_CONVERSION = YES;
				CLANG_WARN_DEPRECATED_OBJC_IMPLEMENTATIONS = YES;
				CLANG_WARN_DIRECT_OBJC_ISA_USAGE = YES_ERROR;
				CLANG_WARN_DOCUMENTATION_COMMENTS = YES;
				CLANG_WARN_EMPTY_BODY = YES;
				CLANG_WARN_ENUM_CONVERSION = YES;
				CLANG_WARN_INFINITE_RECURSION = YES;
				CLANG_WARN_INT_CONVERSION = YES;
				CLANG_WARN_NON_LITERAL_NULL_CONVERSION = YES;
				CLANG_WARN_OBJC_IMPLICIT_RETAIN_SELF = YES;
				CLANG_WARN_OBJC_LITERAL_CONVERSION = YES;
				CLANG_WARN_OBJC_ROOT_CLASS = YES_ERROR;
				CLANG_WARN_RANGE_LOOP_ANALYSIS = YES;
				CLANG_WARN_STRICT_PROTOTYPES = YES;
				CLANG_WARN_SUSPICIOUS_MOVE = YES;
				CLANG_WARN_UNGUARDED_AVAILABILITY = YES_AGGRESSIVE;
				CLANG_WARN_UNREACHABLE_CODE = YES;
				CLANG_WARN__DUPLICATE_METHOD_MATCH = YES;
				CODE_SIGN_IDENTITY = "iPhone Developer";
				COPY_PHASE_STRIP = NO;
				DEBUG_INFORMATION_FORMAT = "dwarf-with-dsym";
				ENABLE_NS_ASSERTIONS = NO;
				ENABLE_STRICT_OBJC_MSGSEND = YES;
				GCC_C_LANGUAGE_STANDARD = gnu11;
				GCC_NO_COMMON_BLOCKS = YES;
				GCC_WARN_64_TO_32_BIT_CONVERSION = YES;
				GCC_WARN_ABOUT_RETURN_TYPE = YES_ERROR;
				GCC_WARN_UNDECLARED_SELECTOR = YES;
				GCC_WARN_UNINITIALIZED_AUTOS = YES_AGGRESSIVE;
				GCC_WARN_UNUSED_FUNCTION = YES;
				GCC_WARN_UNUSED_VARIABLE = YES;
				IPHONEOS_DEPLOYMENT_TARGET = 12.4;
				MTL_ENABLE_DEBUG_INFO = NO;
				MTL_FAST_MATH = YES;
				SDKROOT = iphoneos;
				SWIFT_COMPILATION_MODE = wholemodule;
				SWIFT_OPTIMIZATION_LEVEL = "-O";
				VALIDATE_PRODUCT = YES;
			};
			name = Release;
		};
		B60C7D7E23236ADA001161ED /* Debug */ = {
			isa = XCBuildConfiguration;
			buildSettings = {
				ASSETCATALOG_COMPILER_APPICON_NAME = AppIcon;
				CODE_SIGN_STYLE = Automatic;
				INFOPLIST_FILE = DouYuZB/Info.plist;
				LD_RUNPATH_SEARCH_PATHS = (
					"$(inherited)",
					"@executable_path/Frameworks",
				);
				PRODUCT_BUNDLE_IDENTIFIER = dev.bughub.study.DouYuZB;
				PRODUCT_NAME = "$(TARGET_NAME)";
				SWIFT_VERSION = 5.0;
				TARGETED_DEVICE_FAMILY = "1,2";
			};
			name = Debug;
		};
		B60C7D7F23236ADA001161ED /* Release */ = {
			isa = XCBuildConfiguration;
			buildSettings = {
				ASSETCATALOG_COMPILER_APPICON_NAME = AppIcon;
				CODE_SIGN_STYLE = Automatic;
				INFOPLIST_FILE = DouYuZB/Info.plist;
				LD_RUNPATH_SEARCH_PATHS = (
					"$(inherited)",
					"@executable_path/Frameworks",
				);
				PRODUCT_BUNDLE_IDENTIFIER = dev.bughub.study.DouYuZB;
				PRODUCT_NAME = "$(TARGET_NAME)";
				SWIFT_VERSION = 5.0;
				TARGETED_DEVICE_FAMILY = "1,2";
			};
			name = Release;
		};
		B60C7D8123236ADA001161ED /* Debug */ = {
			isa = XCBuildConfiguration;
			buildSettings = {
				ALWAYS_EMBED_SWIFT_STANDARD_LIBRARIES = YES;
				BUNDLE_LOADER = "$(TEST_HOST)";
				CODE_SIGN_STYLE = Automatic;
				INFOPLIST_FILE = DouYuZBTests/Info.plist;
				LD_RUNPATH_SEARCH_PATHS = (
					"$(inherited)",
					"@executable_path/Frameworks",
					"@loader_path/Frameworks",
				);
				PRODUCT_BUNDLE_IDENTIFIER = dev.bughub.study.DouYuZBTests;
				PRODUCT_NAME = "$(TARGET_NAME)";
				SWIFT_VERSION = 5.0;
				TARGETED_DEVICE_FAMILY = "1,2";
				TEST_HOST = "$(BUILT_PRODUCTS_DIR)/DouYuZB.app/DouYuZB";
			};
			name = Debug;
		};
		B60C7D8223236ADA001161ED /* Release */ = {
			isa = XCBuildConfiguration;
			buildSettings = {
				ALWAYS_EMBED_SWIFT_STANDARD_LIBRARIES = YES;
				BUNDLE_LOADER = "$(TEST_HOST)";
				CODE_SIGN_STYLE = Automatic;
				INFOPLIST_FILE = DouYuZBTests/Info.plist;
				LD_RUNPATH_SEARCH_PATHS = (
					"$(inherited)",
					"@executable_path/Frameworks",
					"@loader_path/Frameworks",
				);
				PRODUCT_BUNDLE_IDENTIFIER = dev.bughub.study.DouYuZBTests;
				PRODUCT_NAME = "$(TARGET_NAME)";
				SWIFT_VERSION = 5.0;
				TARGETED_DEVICE_FAMILY = "1,2";
				TEST_HOST = "$(BUILT_PRODUCTS_DIR)/DouYuZB.app/DouYuZB";
			};
			name = Release;
		};
		B60C7D8423236ADA001161ED /* Debug */ = {
			isa = XCBuildConfiguration;
			buildSettings = {
				ALWAYS_EMBED_SWIFT_STANDARD_LIBRARIES = YES;
				CODE_SIGN_STYLE = Automatic;
				INFOPLIST_FILE = DouYuZBUITests/Info.plist;
				LD_RUNPATH_SEARCH_PATHS = (
					"$(inherited)",
					"@executable_path/Frameworks",
					"@loader_path/Frameworks",
				);
				PRODUCT_BUNDLE_IDENTIFIER = dev.bughub.study.DouYuZBUITests;
				PRODUCT_NAME = "$(TARGET_NAME)";
				SWIFT_VERSION = 5.0;
				TARGETED_DEVICE_FAMILY = "1,2";
				TEST_TARGET_NAME = DouYuZB;
			};
			name = Debug;
		};
		B60C7D8523236ADA001161ED /* Release */ = {
			isa = XCBuildConfiguration;
			buildSettings = {
				ALWAYS_EMBED_SWIFT_STANDARD_LIBRARIES = YES;
				CODE_SIGN_STYLE = Automatic;
				INFOPLIST_FILE = DouYuZBUITests/Info.plist;
				LD_RUNPATH_SEARCH_PATHS = (
					"$(inherited)",
					"@executable_path/Frameworks",
					"@loader_path/Frameworks",
				);
				PRODUCT_BUNDLE_IDENTIFIER = dev.bughub.study.DouYuZBUITests;
				PRODUCT_NAME = "$(TARGET_NAME)";
				SWIFT_VERSION = 5.0;
				TARGETED_DEVICE_FAMILY = "1,2";
				TEST_TARGET_NAME = DouYuZB;
			};
			name = Release;
		};
/* End XCBuildConfiguration section */

/* Begin XCConfigurationList section */
		B60C7D5023236AD9001161ED /* Build configuration list for PBXProject "DouYuZB" */ = {
			isa = XCConfigurationList;
			buildConfigurations = (
				B60C7D7B23236ADA001161ED /* Debug */,
				B60C7D7C23236ADA001161ED /* Release */,
			);
			defaultConfigurationIsVisible = 0;
			defaultConfigurationName = Release;
		};
		B60C7D7D23236ADA001161ED /* Build configuration list for PBXNativeTarget "DouYuZB" */ = {
			isa = XCConfigurationList;
			buildConfigurations = (
				B60C7D7E23236ADA001161ED /* Debug */,
				B60C7D7F23236ADA001161ED /* Release */,
			);
			defaultConfigurationIsVisible = 0;
			defaultConfigurationName = Release;
		};
		B60C7D8023236ADA001161ED /* Build configuration list for PBXNativeTarget "DouYuZBTests" */ = {
			isa = XCConfigurationList;
			buildConfigurations = (
				B60C7D8123236ADA001161ED /* Debug */,
				B60C7D8223236ADA001161ED /* Release */,
			);
			defaultConfigurationIsVisible = 0;
			defaultConfigurationName = Release;
		};
		B60C7D8323236ADA001161ED /* Build configuration list for PBXNativeTarget "DouYuZBUITests" */ = {
			isa = XCConfigurationList;
			buildConfigurations = (
				B60C7D8423236ADA001161ED /* Debug */,
				B60C7D8523236ADA001161ED /* Release */,
			);
			defaultConfigurationIsVisible = 0;
			defaultConfigurationName = Release;
		};
/* End XCConfigurationList section */
	};
	rootObject = B60C7D4D23236AD9001161ED /* Project object */;
}
